
Microsoft Visual Studio Solution File, Format Version 12.00
# Visual Studio Version 16
VisualStudioVersion = 16.0.29709.97
MinimumVisualStudioVersion = 10.0.40219.1
Project("{8BC9CEB8-8B4A-11D0-8D11-00A0C91BC942}") = "MySocket", "MySocket\MySocket.vcxproj", "{C7EA46C4-2CF4-4858-A1C5-F868AA33EA66}"
EndProject
Project("{8BC9CEB8-8B4A-11D0-8D11-00A0C91BC942}") = "MySocketServer", "MySocketServer\MySocketServer.vcxproj", "{D2195F16-BBC4-4FFC-BE95-853AACF79B43}"
EndProject
Project("{8BC9CEB8-8B4A-11D0-8D11-00A0C91BC942}") = "MySocketClient", "MySocketClient\MySocketClient.vcxproj", "{6ECDB6B2-C684-4687-8D86-6FE452E1C0BE}"
EndProject
Project("{8BC9CEB8-8B4A-11D0-8D11-00A0C91BC942}") = "Demo01UdpClient", "Demo01UdpClient\Demo01UdpClient.vcxproj", "{559C2FDA-3C71-48FC-A2A9-EAE02B04AB12}"
EndProject
Project("{8BC9CEB8-8B4A-11D0-8D11-00A0C91BC942}") = "Demo01UdpServer", "Demo01UdpServer\Demo01UdpServer.vcxproj", "{490FB93B-E117-40B4-8162-240233705626}"
EndProject
Project("{8BC9CEB8-8B4A-11D0-8D11-00A0C91BC942}") = "Demo02UdpClient", "Demo02UdpClient\Demo02UdpClient.vcxproj", "{0E8032F6-BF24-42E1-881E-75F447DF9B24}"
EndProject
Project("{8BC9CEB8-8B4A-11D0-8D11-00A0C91BC942}") = "Demo02UdpServer", "Demo02UdpServer\Demo02UdpServer.vcxproj", "{152A80D5-A95B-4151-8E2D-D0E9C43F584A}"
EndProject
Project("{8BC9CEB8-8B4A-11D0-8D11-00A0C91BC942}") = "DemoTcp01Client01", "DemoTcp01Client01\DemoTcp01Client01.vcxproj", "{CAEEF3BD-C4FC-4134-93CD-BF531D10FF91}"
EndProject
Project("{8BC9CEB8-8B4A-11D0-8D11-00A0C91BC942}") = "DemoTcp01Server01", "DemoTcp01Server01\DemoTcp01Server01.vcxproj", "{44B0615B-FD55-4A1D-BBE6-057E72C7ED4B}"
EndProject
Project("{8BC9CEB8-8B4A-11D0-8D11-00A0C91BC942}") = "DemoTcp01Client02", "DemoTcp01Client02\DemoTcp01Client02.vcxproj", "{5B482A54-C790-4273-B5BB-BBB59BDB7B52}"
EndProject
Project("{8BC9CEB8-8B4A-11D0-8D11-00A0C91BC942}") = "DemoTcp01Server02", "DemoTcp01Server02\DemoTcp01Server02.vcxproj", "{B54A4F09-1BCC-4D5D-AC50-C27CB7E39873}"
EndProject
Project("{8BC9CEB8-8B4A-11D0-8D11-00A0C91BC942}") = "DemoTcp02Client01", "DemoTcp02Client01\DemoTcp02Client01.vcxproj", "{BB5E6386-8430-4973-A8CD-9B242F289802}"
EndProject
Project("{8BC9CEB8-8B4A-11D0-8D11-00A0C91BC942}") = "DemoTcp02Server01", "DemoTcp02Server01\DemoTcp02Server01.vcxproj", "{82C69F11-AE49-46F6-8A16-C72925A445BE}"
EndProject
Project("{8BC9CEB8-8B4A-11D0-8D11-00A0C91BC942}") = "DemoTcp03Client01", "DemoTcp03Client01\DemoTcp03Client01.vcxproj", "{3BAD86B8-5F1D-4C02-A29E-80880D1E1337}"
EndProject
Project("{8BC9CEB8-8B4A-11D0-8D11-00A0C91BC942}") = "DemoTcp03Server01", "DemoTcp03Server01\DemoTcp03Server01.vcxproj", "{A6E6EA77-CA2C-4D77-BD24-A1BBE95C8041}"
EndProject
Global
	GlobalSection(SolutionConfigurationPlatforms) = preSolution
		Debug|Win32 = Debug|Win32
		Debug|x64 = Debug|x64
		Release|Win32 = Release|Win32
		Release|x64 = Release|x64
	EndGlobalSection
	GlobalSection(ProjectConfigurationPlatforms) = postSolution
		{C7EA46C4-2CF4-4858-A1C5-F868AA33EA66}.Debug|Win32.ActiveCfg = Debug|Win32
		{C7EA46C4-2CF4-4858-A1C5-F868AA33EA66}.Debug|Win32.Build.0 = Debug|Win32
		{C7EA46C4-2CF4-4858-A1C5-F868AA33EA66}.Debug|x64.ActiveCfg = Debug|x64
		{C7EA46C4-2CF4-4858-A1C5-F868AA33EA66}.Debug|x64.Build.0 = Debug|x64
		{C7EA46C4-2CF4-4858-A1C5-F868AA33EA66}.Release|Win32.ActiveCfg = Release|Win32
		{C7EA46C4-2CF4-4858-A1C5-F868AA33EA66}.Release|Win32.Build.0 = Release|Win32
		{C7EA46C4-2CF4-4858-A1C5-F868AA33EA66}.Release|x64.ActiveCfg = Release|x64
		{C7EA46C4-2CF4-4858-A1C5-F868AA33EA66}.Release|x64.Build.0 = Release|x64
		{D2195F16-BBC4-4FFC-BE95-853AACF79B43}.Debug|Win32.ActiveCfg = Debug|Win32
		{D2195F16-BBC4-4FFC-BE95-853AACF79B43}.Debug|Win32.Build.0 = Debug|Win32
		{D2195F16-BBC4-4FFC-BE95-853AACF79B43}.Debug|x64.ActiveCfg = Debug|x64
		{D2195F16-BBC4-4FFC-BE95-853AACF79B43}.Debug|x64.Build.0 = Debug|x64
		{D2195F16-BBC4-4FFC-BE95-853AACF79B43}.Release|Win32.ActiveCfg = Release|Win32
		{D2195F16-BBC4-4FFC-BE95-853AACF79B43}.Release|Win32.Build.0 = Release|Win32
		{D2195F16-BBC4-4FFC-BE95-853AACF79B43}.Release|x64.ActiveCfg = Release|x64
		{D2195F16-BBC4-4FFC-BE95-853AACF79B43}.Release|x64.Build.0 = Release|x64
		{6ECDB6B2-C684-4687-8D86-6FE452E1C0BE}.Debug|Win32.ActiveCfg = Debug|Win32
		{6ECDB6B2-C684-4687-8D86-6FE452E1C0BE}.Debug|Win32.Build.0 = Debug|Win32
		{6ECDB6B2-C684-4687-8D86-6FE452E1C0BE}.Debug|x64.ActiveCfg = Debug|x64
		{6ECDB6B2-C684-4687-8D86-6FE452E1C0BE}.Debug|x64.Build.0 = Debug|x64
		{6ECDB6B2-C684-4687-8D86-6FE452E1C0BE}.Release|Win32.ActiveCfg = Release|Win32
		{6ECDB6B2-C684-4687-8D86-6FE452E1C0BE}.Release|Win32.Build.0 = Release|Win32
		{6ECDB6B2-C684-4687-8D86-6FE452E1C0BE}.Release|x64.ActiveCfg = Release|x64
		{6ECDB6B2-C684-4687-8D86-6FE452E1C0BE}.Release|x64.Build.0 = Release|x64
		{559C2FDA-3C71-48FC-A2A9-EAE02B04AB12}.Debug|Win32.ActiveCfg = Debug|Win32
		{559C2FDA-3C71-48FC-A2A9-EAE02B04AB12}.Debug|Win32.Build.0 = Debug|Win32
		{559C2FDA-3C71-48FC-A2A9-EAE02B04AB12}.Debug|x64.ActiveCfg = Debug|x64
		{559C2FDA-3C71-48FC-A2A9-EAE02B04AB12}.Debug|x64.Build.0 = Debug|x64
		{559C2FDA-3C71-48FC-A2A9-EAE02B04AB12}.Release|Win32.ActiveCfg = Release|Win32
		{559C2FDA-3C71-48FC-A2A9-EAE02B04AB12}.Release|Win32.Build.0 = Release|Win32
		{559C2FDA-3C71-48FC-A2A9-EAE02B04AB12}.Release|x64.ActiveCfg = Release|x64
		{559C2FDA-3C71-48FC-A2A9-EAE02B04AB12}.Release|x64.Build.0 = Release|x64
		{490FB93B-E117-40B4-8162-240233705626}.Debug|Win32.ActiveCfg = Debug|Win32
		{490FB93B-E117-40B4-8162-240233705626}.Debug|Win32.Build.0 = Debug|Win32
		{490FB93B-E117-40B4-8162-240233705626}.Debug|x64.ActiveCfg = Debug|x64
		{490FB93B-E117-40B4-8162-240233705626}.Debug|x64.Build.0 = Debug|x64
		{490FB93B-E117-40B4-8162-240233705626}.Release|Win32.ActiveCfg = Release|Win32
		{490FB93B-E117-40B4-8162-240233705626}.Release|Win32.Build.0 = Release|Win32
		{490FB93B-E117-40B4-8162-240233705626}.Release|x64.ActiveCfg = Release|x64
		{490FB93B-E117-40B4-8162-240233705626}.Release|x64.Build.0 = Release|x64
		{0E8032F6-BF24-42E1-881E-75F447DF9B24}.Debug|Win32.ActiveCfg = Debug|Win32
		{0E8032F6-BF24-42E1-881E-75F447DF9B24}.Debug|Win32.Build.0 = Debug|Win32
		{0E8032F6-BF24-42E1-881E-75F447DF9B24}.Debug|x64.ActiveCfg = Debug|x64
		{0E8032F6-BF24-42E1-881E-75F447DF9B24}.Debug|x64.Build.0 = Debug|x64
		{0E8032F6-BF24-42E1-881E-75F447DF9B24}.Release|Win32.ActiveCfg = Release|Win32
		{0E8032F6-BF24-42E1-881E-75F447DF9B24}.Release|Win32.Build.0 = Release|Win32
		{0E8032F6-BF24-42E1-881E-75F447DF9B24}.Release|x64.ActiveCfg = Release|x64
		{0E8032F6-BF24-42E1-881E-75F447DF9B24}.Release|x64.Build.0 = Release|x64
		{152A80D5-A95B-4151-8E2D-D0E9C43F584A}.Debug|Win32.ActiveCfg = Debug|Win32
		{152A80D5-A95B-4151-8E2D-D0E9C43F584A}.Debug|Win32.Build.0 = Debug|Win32
		{152A80D5-A95B-4151-8E2D-D0E9C43F584A}.Debug|x64.ActiveCfg = Debug|x64
		{152A80D5-A95B-4151-8E2D-D0E9C43F584A}.Debug|x64.Build.0 = Debug|x64
		{152A80D5-A95B-4151-8E2D-D0E9C43F584A}.Release|Win32.ActiveCfg = Release|Win32
		{152A80D5-A95B-4151-8E2D-D0E9C43F584A}.Release|Win32.Build.0 = Release|Win32
		{152A80D5-A95B-4151-8E2D-D0E9C43F584A}.Release|x64.ActiveCfg = Release|x64
		{152A80D5-A95B-4151-8E2D-D0E9C43F584A}.Release|x64.Build.0 = Release|x64
		{CAEEF3BD-C4FC-4134-93CD-BF531D10FF91}.Debug|Win32.ActiveCfg = Debug|Win32
		{CAEEF3BD-C4FC-4134-93CD-BF531D10FF91}.Debug|Win32.Build.0 = Debug|Win32
		{CAEEF3BD-C4FC-4134-93CD-BF531D10FF91}.Debug|x64.ActiveCfg = Debug|x64
		{CAEEF3BD-C4FC-4134-93CD-BF531D10FF91}.Debug|x64.Build.0 = Debug|x64
		{CAEEF3BD-C4FC-4134-93CD-BF531D10FF91}.Release|Win32.ActiveCfg = Release|Win32
		{CAEEF3BD-C4FC-4134-93CD-BF531D10FF91}.Release|Win32.Build.0 = Release|Win32
		{CAEEF3BD-C4FC-4134-93CD-BF531D10FF91}.Release|x64.ActiveCfg = Release|x64
		{CAEEF3BD-C4FC-4134-93CD-BF531D10FF91}.Release|x64.Build.0 = Release|x64
		{44B0615B-FD55-4A1D-BBE6-057E72C7ED4B}.Debug|Win32.ActiveCfg = Debug|Win32
		{44B0615B-FD55-4A1D-BBE6-057E72C7ED4B}.Debug|Win32.Build.0 = Debug|Win32
		{44B0615B-FD55-4A1D-BBE6-057E72C7ED4B}.Debug|x64.ActiveCfg = Debug|x64
		{44B0615B-FD55-4A1D-BBE6-057E72C7ED4B}.Debug|x64.Build.0 = Debug|x64
		{44B0615B-FD55-4A1D-BBE6-057E72C7ED4B}.Release|Win32.ActiveCfg = Release|Win32
		{44B0615B-FD55-4A1D-BBE6-057E72C7ED4B}.Release|Win32.Build.0 = Release|Win32
		{44B0615B-FD55-4A1D-BBE6-057E72C7ED4B}.Release|x64.ActiveCfg = Release|x64
		{44B0615B-FD55-4A1D-BBE6-057E72C7ED4B}.Release|x64.Build.0 = Release|x64
		{5B482A54-C790-4273-B5BB-BBB59BDB7B52}.Debug|Win32.ActiveCfg = Debug|Win32
		{5B482A54-C790-4273-B5BB-BBB59BDB7B52}.Debug|Win32.Build.0 = Debug|Win32
		{5B482A54-C790-4273-B5BB-BBB59BDB7B52}.Debug|x64.ActiveCfg = Debug|x64
		{5B482A54-C790-4273-B5BB-BBB59BDB7B52}.Debug|x64.Build.0 = Debug|x64
		{5B482A54-C790-4273-B5BB-BBB59BDB7B52}.Release|Win32.ActiveCfg = Release|Win32
		{5B482A54-C790-4273-B5BB-BBB59BDB7B52}.Release|Win32.Build.0 = Release|Win32
		{5B482A54-C790-4273-B5BB-BBB59BDB7B52}.Release|x64.ActiveCfg = Release|x64
		{5B482A54-C790-4273-B5BB-BBB59BDB7B52}.Release|x64.Build.0 = Release|x64
		{B54A4F09-1BCC-4D5D-AC50-C27CB7E39873}.Debug|Win32.ActiveCfg = Debug|Win32
		{B54A4F09-1BCC-4D5D-AC50-C27CB7E39873}.Debug|Win32.Build.0 = Debug|Win32
		{B54A4F09-1BCC-4D5D-AC50-C27CB7E39873}.Debug|x64.ActiveCfg = Debug|x64
		{B54A4F09-1BCC-4D5D-AC50-C27CB7E39873}.Debug|x64.Build.0 = Debug|x64
		{B54A4F09-1BCC-4D5D-AC50-C27CB7E39873}.Release|Win32.ActiveCfg = Release|Win32
		{B54A4F09-1BCC-4D5D-AC50-C27CB7E39873}.Release|Win32.Build.0 = Release|Win32
		{B54A4F09-1BCC-4D5D-AC50-C27CB7E39873}.Release|x64.ActiveCfg = Release|x64
		{B54A4F09-1BCC-4D5D-AC50-C27CB7E39873}.Release|x64.Build.0 = Release|x64
		{BB5E6386-8430-4973-A8CD-9B242F289802}.Debug|Win32.ActiveCfg = Debug|Win32
		{BB5E6386-8430-4973-A8CD-9B242F289802}.Debug|Win32.Build.0 = Debug|Win32
		{BB5E6386-8430-4973-A8CD-9B242F289802}.Debug|x64.ActiveCfg = Debug|x64
		{BB5E6386-8430-4973-A8CD-9B242F289802}.Debug|x64.Build.0 = Debug|x64
		{BB5E6386-8430-4973-A8CD-9B242F289802}.Release|Win32.ActiveCfg = Release|Win32
		{BB5E6386-8430-4973-A8CD-9B242F289802}.Release|Win32.Build.0 = Release|Win32
		{BB5E6386-8430-4973-A8CD-9B242F289802}.Release|x64.ActiveCfg = Release|x64
		{BB5E6386-8430-4973-A8CD-9B242F289802}.Release|x64.Build.0 = Release|x64
		{82C69F11-AE49-46F6-8A16-C72925A445BE}.Debug|Win32.ActiveCfg = Debug|Win32
		{82C69F11-AE49-46F6-8A16-C72925A445BE}.Debug|Win32.Build.0 = Debug|Win32
		{82C69F11-AE49-46F6-8A16-C72925A445BE}.Debug|x64.ActiveCfg = Debug|x64
		{82C69F11-AE49-46F6-8A16-C72925A445BE}.Debug|x64.Build.0 = Debug|x64
		{82C69F11-AE49-46F6-8A16-C72925A445BE}.Release|Win32.ActiveCfg = Release|Win32
		{82C69F11-AE49-46F6-8A16-C72925A445BE}.Release|Win32.Build.0 = Release|Win32
		{82C69F11-AE49-46F6-8A16-C72925A445BE}.Release|x64.ActiveCfg = Release|x64
		{82C69F11-AE49-46F6-8A16-C72925A445BE}.Release|x64.Build.0 = Release|x64
		{3BAD86B8-5F1D-4C02-A29E-80880D1E1337}.Debug|Win32.ActiveCfg = Debug|Win32
		{3BAD86B8-5F1D-4C02-A29E-80880D1E1337}.Debug|Win32.Build.0 = Debug|Win32
		{3BAD86B8-5F1D-4C02-A29E-80880D1E1337}.Debug|x64.ActiveCfg = Debug|x64
		{3BAD86B8-5F1D-4C02-A29E-80880D1E1337}.Debug|x64.Build.0 = Debug|x64
		{3BAD86B8-5F1D-4C02-A29E-80880D1E1337}.Release|Win32.ActiveCfg = Release|Win32
		{3BAD86B8-5F1D-4C02-A29E-80880D1E1337}.Release|Win32.Build.0 = Release|Win32
		{3BAD86B8-5F1D-4C02-A29E-80880D1E1337}.Release|x64.ActiveCfg = Release|x64
		{3BAD86B8-5F1D-4C02-A29E-80880D1E1337}.Release|x64.Build.0 = Release|x64
		{A6E6EA77-CA2C-4D77-BD24-A1BBE95C8041}.Debug|Win32.ActiveCfg = Debug|Win32
		{A6E6EA77-CA2C-4D77-BD24-A1BBE95C8041}.Debug|Win32.Build.0 = Debug|Win32
		{A6E6EA77-CA2C-4D77-BD24-A1BBE95C8041}.Debug|x64.ActiveCfg = Debug|x64
		{A6E6EA77-CA2C-4D77-BD24-A1BBE95C8041}.Debug|x64.Build.0 = Debug|x64
		{A6E6EA77-CA2C-4D77-BD24-A1BBE95C8041}.Release|Win32.ActiveCfg = Release|Win32
		{A6E6EA77-CA2C-4D77-BD24-A1BBE95C8041}.Release|Win32.Build.0 = Release|Win32
		{A6E6EA77-CA2C-4D77-BD24-A1BBE95C8041}.Release|x64.ActiveCfg = Release|x64
		{A6E6EA77-CA2C-4D77-BD24-A1BBE95C8041}.Release|x64.Build.0 = Release|x64
	EndGlobalSection
	GlobalSection(SolutionProperties) = preSolution
		HideSolutionNode = FALSE
	EndGlobalSection
	GlobalSection(ExtensibilityGlobals) = postSolution
		SolutionGuid = {6B65449D-6513-40B5-9181-C46F420B76AE}
	EndGlobalSection
EndGlobal
